
Microsoft Visual Studio Solution File, Format Version 12.00
# Visual Studio 15
VisualStudioVersion = 15.0.28010.2048
MinimumVisualStudioVersion = 10.0.40219.1
Project("{FAE04EC0-301F-11D3-BF4B-00C04F79EFBC}") = "Library", "Library\Library.csproj", "{BE1AA1AF-14D9-4E80-BCFB-3D0A82A5FB4E}"
EndProject
Global
	GlobalSection(SolutionConfigurationPlatforms) = preSolution
		Debug|Any CPU = Debug|Any CPU
		Release|Any CPU = Release|Any CPU
	EndGlobalSection
	GlobalSection(ProjectConfigurationPlatforms) = postSolution
		{BE1AA1AF-14D9-4E80-BCFB-3D0A82A5FB4E}.Debug|Any CPU.ActiveCfg = Debug|Any CPU
		{BE1AA1AF-14D9-4E80-BCFB-3D0A82A5FB4E}.Debug|Any CPU.Build.0 = Debug|Any CPU
		{BE1AA1AF-14D9-4E80-BCFB-3D0A82A5FB4E}.Release|Any CPU.ActiveCfg = Release|Any CPU
		{BE1AA1AF-14D9-4E80-BCFB-3D0A82A5FB4E}.Release|Any CPU.Build.0 = Release|Any CPU
	EndGlobalSection
	GlobalSection(SolutionProperties) = preSolution
		HideSolutionNode = FALSE
	EndGlobalSection
	GlobalSection(ExtensibilityGlobals) = postSolution
		SolutionGuid = {5350DC4A-FF19-429F-B624-8B6C7614AA12}
	EndGlobalSection
EndGlobal
